
Microsoft Visual Studio Solution File, Format Version 12.00
# Visual Studio Version 17
VisualStudioVersion = 17.1.32421.90
MinimumVisualStudioVersion = 10.0.40219.1
Project("{FAE04EC0-301F-11D3-BF4B-00C04F79EFBC}") = "Average", "Average\Average.csproj", "{9600A86F-1709-430C-85F2-5C70E9FADF39}"
EndProject
Project("{FAE04EC0-301F-11D3-BF4B-00C04F79EFBC}") = "Average.Tests", "Average.Tests\Average.Tests.csproj", "{C0C07561-031F-4D35-8758-9A638AD0389E}"
EndProject
Global
	GlobalSection(SolutionConfigurationPlatforms) = preSolution
		Debug|Any CPU = Debug|Any CPU
		Release|Any CPU = Release|Any CPU
	EndGlobalSection
	GlobalSection(ProjectConfigurationPlatforms) = postSolution
		{9600A86F-1709-430C-85F2-5C70E9FADF39}.Debug|Any CPU.ActiveCfg = Debug|Any CPU
		{9600A86F-1709-430C-85F2-5C70E9FADF39}.Debug|Any CPU.Build.0 = Debug|Any CPU
		{9600A86F-1709-430C-85F2-5C70E9FADF39}.Release|Any CPU.ActiveCfg = Release|Any CPU
		{9600A86F-1709-430C-85F2-5C70E9FADF39}.Release|Any CPU.Build.0 = Release|Any CPU
		{C0C07561-031F-4D35-8758-9A638AD0389E}.Debug|Any CPU.ActiveCfg = Debug|Any CPU
		{C0C07561-031F-4D35-8758-9A638AD0389E}.Debug|Any CPU.Build.0 = Debug|Any CPU
		{C0C07561-031F-4D35-8758-9A638AD0389E}.Release|Any CPU.ActiveCfg = Release|Any CPU
		{C0C07561-031F-4D35-8758-9A638AD0389E}.Release|Any CPU.Build.0 = Release|Any CPU
	EndGlobalSection
	GlobalSection(SolutionProperties) = preSolution
		HideSolutionNode = FALSE
	EndGlobalSection
	GlobalSection(ExtensibilityGlobals) = postSolution
		SolutionGuid = {6AB13AEF-7E46-4FB1-A86E-6A771D69D944}
	EndGlobalSection
EndGlobal
